
Microsoft Visual Studio Solution File, Format Version 12.00
# Visual Studio Version 16
VisualStudioVersion = 16.0.28705.295
MinimumVisualStudioVersion = 10.0.40219.1
Project("{9A19103F-16F7-4668-BE54-9A1E7A4F7556}") = "ReactGames.Api", "ReactGames.Api\ReactGames.Api.csproj", "{ADDC0E9C-F392-4E70-A12D-8492C9BCA62B}"
EndProject
Project("{FAE04EC0-301F-11D3-BF4B-00C04F79EFBC}") = "ReactGames.WebApp", "ReactGames.WebApp\ReactGames.WebApp.csproj", "{1DDA54E6-0D0D-44E8-ADED-4DCAF9931859}"
EndProject
Global
	GlobalSection(SolutionConfigurationPlatforms) = preSolution
		Debug|Any CPU = Debug|Any CPU
		Release|Any CPU = Release|Any CPU
	EndGlobalSection
	GlobalSection(ProjectConfigurationPlatforms) = postSolution
		{ADDC0E9C-F392-4E70-A12D-8492C9BCA62B}.Debug|Any CPU.ActiveCfg = Debug|Any CPU
		{ADDC0E9C-F392-4E70-A12D-8492C9BCA62B}.Debug|Any CPU.Build.0 = Debug|Any CPU
		{ADDC0E9C-F392-4E70-A12D-8492C9BCA62B}.Release|Any CPU.ActiveCfg = Release|Any CPU
		{ADDC0E9C-F392-4E70-A12D-8492C9BCA62B}.Release|Any CPU.Build.0 = Release|Any CPU
		{1DDA54E6-0D0D-44E8-ADED-4DCAF9931859}.Debug|Any CPU.ActiveCfg = Debug|Any CPU
		{1DDA54E6-0D0D-44E8-ADED-4DCAF9931859}.Debug|Any CPU.Build.0 = Debug|Any CPU
		{1DDA54E6-0D0D-44E8-ADED-4DCAF9931859}.Release|Any CPU.ActiveCfg = Release|Any CPU
		{1DDA54E6-0D0D-44E8-ADED-4DCAF9931859}.Release|Any CPU.Build.0 = Release|Any CPU
	EndGlobalSection
	GlobalSection(SolutionProperties) = preSolution
		HideSolutionNode = FALSE
	EndGlobalSection
	GlobalSection(ExtensibilityGlobals) = postSolution
		SolutionGuid = {4C9F9EBC-2197-45C1-B6FD-9924132C9802}
	EndGlobalSection
EndGlobal
